
Microsoft Visual Studio Solution File, Format Version 12.00
# Visual Studio Version 17
VisualStudioVersion = 17.14.36203.30 d17.14
MinimumVisualStudioVersion = 10.0.40219.1
Project("{FAE04EC0-301F-11D3-BF4B-00C04F79EFBC}") = "InvastigationGame_V2", "InvastigationGame_V2\InvastigationGame_V2.csproj", "{D4A4899A-8CF5-4A29-8C7F-1B1EE1791904}"
EndProject
Global
	GlobalSection(SolutionConfigurationPlatforms) = preSolution
		Debug|Any CPU = Debug|Any CPU
		Release|Any CPU = Release|Any CPU
	EndGlobalSection
	GlobalSection(ProjectConfigurationPlatforms) = postSolution
		{D4A4899A-8CF5-4A29-8C7F-1B1EE1791904}.Debug|Any CPU.ActiveCfg = Debug|Any CPU
		{D4A4899A-8CF5-4A29-8C7F-1B1EE1791904}.Debug|Any CPU.Build.0 = Debug|Any CPU
		{D4A4899A-8CF5-4A29-8C7F-1B1EE1791904}.Release|Any CPU.ActiveCfg = Release|Any CPU
		{D4A4899A-8CF5-4A29-8C7F-1B1EE1791904}.Release|Any CPU.Build.0 = Release|Any CPU
	EndGlobalSection
	GlobalSection(SolutionProperties) = preSolution
		HideSolutionNode = FALSE
	EndGlobalSection
	GlobalSection(ExtensibilityGlobals) = postSolution
		SolutionGuid = {6110F5B3-B6B8-4E96-93C6-32AE7D24CC88}
	EndGlobalSection
EndGlobal
